
Microsoft Visual Studio Solution File, Format Version 12.00
# Visual Studio Version 17
VisualStudioVersion = 17.11.35327.3
MinimumVisualStudioVersion = 10.0.40219.1
Project("{FAE04EC0-301F-11D3-BF4B-00C04F79EFBC}") = "WindowsFormsApp1", "WindowsFormsApp1\WindowsFormsApp1.csproj", "{F6CCF425-2C80-4259-B9E5-6EDE79DC8823}"
EndProject
Global
	GlobalSection(SolutionConfigurationPlatforms) = preSolution
		Debug|Any CPU = Debug|Any CPU
		Release|Any CPU = Release|Any CPU
	EndGlobalSection
	GlobalSection(ProjectConfigurationPlatforms) = postSolution
		{F6CCF425-2C80-4259-B9E5-6EDE79DC8823}.Debug|Any CPU.ActiveCfg = Debug|Any CPU
		{F6CCF425-2C80-4259-B9E5-6EDE79DC8823}.Debug|Any CPU.Build.0 = Debug|Any CPU
		{F6CCF425-2C80-4259-B9E5-6EDE79DC8823}.Release|Any CPU.ActiveCfg = Release|Any CPU
		{F6CCF425-2C80-4259-B9E5-6EDE79DC8823}.Release|Any CPU.Build.0 = Release|Any CPU
	EndGlobalSection
	GlobalSection(SolutionProperties) = preSolution
		HideSolutionNode = FALSE
	EndGlobalSection
	GlobalSection(ExtensibilityGlobals) = postSolution
		SolutionGuid = {7C229786-BC1E-446E-BFD2-125406F212FD}
	EndGlobalSection
EndGlobal
